
Microsoft Visual Studio Solution File, Format Version 12.00
# Visual Studio Version 16
VisualStudioVersion = 16.0.31729.503
MinimumVisualStudioVersion = 10.0.40219.1
Project("{FAE04EC0-301F-11D3-BF4B-00C04F79EFBC}") = "Lab7.1", "Lab7.1\Lab7.1.csproj", "{99EFD9FF-E6D3-4D0E-BD9C-49BC7E860DBE}"
EndProject
Project("{FAE04EC0-301F-11D3-BF4B-00C04F79EFBC}") = "Lab7.2", "Lab7.2\Lab7.2.csproj", "{F73CB22F-BA36-445E-B773-1EDC8D7A24AD}"
EndProject
Global
	GlobalSection(SolutionConfigurationPlatforms) = preSolution
		Debug|Any CPU = Debug|Any CPU
		Release|Any CPU = Release|Any CPU
	EndGlobalSection
	GlobalSection(ProjectConfigurationPlatforms) = postSolution
		{99EFD9FF-E6D3-4D0E-BD9C-49BC7E860DBE}.Debug|Any CPU.ActiveCfg = Debug|Any CPU
		{99EFD9FF-E6D3-4D0E-BD9C-49BC7E860DBE}.Debug|Any CPU.Build.0 = Debug|Any CPU
		{99EFD9FF-E6D3-4D0E-BD9C-49BC7E860DBE}.Release|Any CPU.ActiveCfg = Release|Any CPU
		{99EFD9FF-E6D3-4D0E-BD9C-49BC7E860DBE}.Release|Any CPU.Build.0 = Release|Any CPU
		{F73CB22F-BA36-445E-B773-1EDC8D7A24AD}.Debug|Any CPU.ActiveCfg = Debug|Any CPU
		{F73CB22F-BA36-445E-B773-1EDC8D7A24AD}.Debug|Any CPU.Build.0 = Debug|Any CPU
		{F73CB22F-BA36-445E-B773-1EDC8D7A24AD}.Release|Any CPU.ActiveCfg = Release|Any CPU
		{F73CB22F-BA36-445E-B773-1EDC8D7A24AD}.Release|Any CPU.Build.0 = Release|Any CPU
	EndGlobalSection
	GlobalSection(SolutionProperties) = preSolution
		HideSolutionNode = FALSE
	EndGlobalSection
	GlobalSection(ExtensibilityGlobals) = postSolution
		SolutionGuid = {C6131D22-F243-44AC-A0D9-54C401F51DBD}
	EndGlobalSection
EndGlobal
